
Microsoft Visual Studio Solution File, Format Version 12.00
# Visual Studio Version 17
VisualStudioVersion = 17.13.35806.99 d17.13
MinimumVisualStudioVersion = 10.0.40219.1
Project("{FAE04EC0-301F-11D3-BF4B-00C04F79EFBC}") = "cat.itb.gestioVentas_PascualArnau", "cat.itb.gestioVentas_PascualArnau.csproj", "{66FDBCBB-8287-4CA3-9737-96C6089F3727}"
EndProject
Global
	GlobalSection(SolutionConfigurationPlatforms) = preSolution
		Debug|Any CPU = Debug|Any CPU
		Release|Any CPU = Release|Any CPU
	EndGlobalSection
	GlobalSection(ProjectConfigurationPlatforms) = postSolution
		{66FDBCBB-8287-4CA3-9737-96C6089F3727}.Debug|Any CPU.ActiveCfg = Debug|Any CPU
		{66FDBCBB-8287-4CA3-9737-96C6089F3727}.Debug|Any CPU.Build.0 = Debug|Any CPU
		{66FDBCBB-8287-4CA3-9737-96C6089F3727}.Release|Any CPU.ActiveCfg = Release|Any CPU
		{66FDBCBB-8287-4CA3-9737-96C6089F3727}.Release|Any CPU.Build.0 = Release|Any CPU
	EndGlobalSection
	GlobalSection(SolutionProperties) = preSolution
		HideSolutionNode = FALSE
	EndGlobalSection
	GlobalSection(ExtensibilityGlobals) = postSolution
		SolutionGuid = {E08CF214-8E3E-4643-BD1F-D710121D60BA}
	EndGlobalSection
EndGlobal
