
Microsoft Visual Studio Solution File, Format Version 12.00
# Visual Studio Version 17
VisualStudioVersion = 17.13.35806.99 d17.13
MinimumVisualStudioVersion = 10.0.40219.1
Project("{FAE04EC0-301F-11D3-BF4B-00C04F79EFBC}") = "cat.itb.storetest_PascualArnau", "cat.itb.storetest_PascualArnau.csproj", "{C15D0556-6B2D-4532-BA05-3F632EA71107}"
EndProject
Global
	GlobalSection(SolutionConfigurationPlatforms) = preSolution
		Debug|Any CPU = Debug|Any CPU
		Release|Any CPU = Release|Any CPU
	EndGlobalSection
	GlobalSection(ProjectConfigurationPlatforms) = postSolution
		{C15D0556-6B2D-4532-BA05-3F632EA71107}.Debug|Any CPU.ActiveCfg = Debug|Any CPU
		{C15D0556-6B2D-4532-BA05-3F632EA71107}.Debug|Any CPU.Build.0 = Debug|Any CPU
		{C15D0556-6B2D-4532-BA05-3F632EA71107}.Release|Any CPU.ActiveCfg = Release|Any CPU
		{C15D0556-6B2D-4532-BA05-3F632EA71107}.Release|Any CPU.Build.0 = Release|Any CPU
	EndGlobalSection
	GlobalSection(SolutionProperties) = preSolution
		HideSolutionNode = FALSE
	EndGlobalSection
	GlobalSection(ExtensibilityGlobals) = postSolution
		SolutionGuid = {A2184592-CB13-49C1-BDF8-F860035F0663}
	EndGlobalSection
EndGlobal
